
Microsoft Visual Studio Solution File, Format Version 12.00
# Visual Studio Version 16
VisualStudioVersion = 16.0.32510.428
MinimumVisualStudioVersion = 10.0.40219.1
Project("{8BC9CEB8-8B4A-11D0-8D11-00A0C91BC942}") = "Puasson", "Puasson\Puasson.vcxproj", "{044C4E26-B5A0-4845-968A-A92A2D9A1ABF}"
EndProject
Global
	GlobalSection(SolutionConfigurationPlatforms) = preSolution
		Debug|x64 = Debug|x64
		Debug|x86 = Debug|x86
		Release|x64 = Release|x64
		Release|x86 = Release|x86
	EndGlobalSection
	GlobalSection(ProjectConfigurationPlatforms) = postSolution
		{044C4E26-B5A0-4845-968A-A92A2D9A1ABF}.Debug|x64.ActiveCfg = Debug|x64
		{044C4E26-B5A0-4845-968A-A92A2D9A1ABF}.Debug|x64.Build.0 = Debug|x64
		{044C4E26-B5A0-4845-968A-A92A2D9A1ABF}.Debug|x86.ActiveCfg = Debug|Win32
		{044C4E26-B5A0-4845-968A-A92A2D9A1ABF}.Debug|x86.Build.0 = Debug|Win32
		{044C4E26-B5A0-4845-968A-A92A2D9A1ABF}.Release|x64.ActiveCfg = Release|x64
		{044C4E26-B5A0-4845-968A-A92A2D9A1ABF}.Release|x64.Build.0 = Release|x64
		{044C4E26-B5A0-4845-968A-A92A2D9A1ABF}.Release|x86.ActiveCfg = Release|Win32
		{044C4E26-B5A0-4845-968A-A92A2D9A1ABF}.Release|x86.Build.0 = Release|Win32
	EndGlobalSection
	GlobalSection(SolutionProperties) = preSolution
		HideSolutionNode = FALSE
	EndGlobalSection
	GlobalSection(ExtensibilityGlobals) = postSolution
		SolutionGuid = {FE72D0FC-A2CD-41DD-B182-FBAB9409C6E5}
	EndGlobalSection
EndGlobal
